
Microsoft Visual Studio Solution File, Format Version 12.00
# Visual Studio 15
VisualStudioVersion = 15.0.28306.52
MinimumVisualStudioVersion = 10.0.40219.1
Project("{FAE04EC0-301F-11D3-BF4B-00C04F79EFBC}") = "Breadboard", "Breadboard\Breadboard.csproj", "{75D29CEA-8E5E-434C-A6D4-B25461C927D4}"
EndProject
Project("{FAE04EC0-301F-11D3-BF4B-00C04F79EFBC}") = "DataStructures", "DataStructures\DataStructures.csproj", "{07B67011-62AB-43E3-80F6-E00BCBFF8558}"
EndProject
Project("{FAE04EC0-301F-11D3-BF4B-00C04F79EFBC}") = "dotMath", "dotmath\dotMath.csproj", "{B2EBEDE8-441A-4CC2-80FF-5F290D528919}"
EndProject
Global
	GlobalSection(SolutionConfigurationPlatforms) = preSolution
		Debug|Any CPU = Debug|Any CPU
		Debug|x86 = Debug|x86
		Release|Any CPU = Release|Any CPU
		Release|x86 = Release|x86
	EndGlobalSection
	GlobalSection(ProjectConfigurationPlatforms) = postSolution
		{75D29CEA-8E5E-434C-A6D4-B25461C927D4}.Debug|Any CPU.ActiveCfg = Debug|Any CPU
		{75D29CEA-8E5E-434C-A6D4-B25461C927D4}.Debug|Any CPU.Build.0 = Debug|Any CPU
		{75D29CEA-8E5E-434C-A6D4-B25461C927D4}.Debug|x86.ActiveCfg = Debug|x86
		{75D29CEA-8E5E-434C-A6D4-B25461C927D4}.Debug|x86.Build.0 = Debug|x86
		{75D29CEA-8E5E-434C-A6D4-B25461C927D4}.Release|Any CPU.ActiveCfg = Release|Any CPU
		{75D29CEA-8E5E-434C-A6D4-B25461C927D4}.Release|Any CPU.Build.0 = Release|Any CPU
		{75D29CEA-8E5E-434C-A6D4-B25461C927D4}.Release|x86.ActiveCfg = Release|x86
		{75D29CEA-8E5E-434C-A6D4-B25461C927D4}.Release|x86.Build.0 = Release|x86
		{07B67011-62AB-43E3-80F6-E00BCBFF8558}.Debug|Any CPU.ActiveCfg = Debug|Any CPU
		{07B67011-62AB-43E3-80F6-E00BCBFF8558}.Debug|Any CPU.Build.0 = Debug|Any CPU
		{07B67011-62AB-43E3-80F6-E00BCBFF8558}.Debug|x86.ActiveCfg = Debug|Any CPU
		{07B67011-62AB-43E3-80F6-E00BCBFF8558}.Debug|x86.Build.0 = Debug|Any CPU
		{07B67011-62AB-43E3-80F6-E00BCBFF8558}.Release|Any CPU.ActiveCfg = Release|Any CPU
		{07B67011-62AB-43E3-80F6-E00BCBFF8558}.Release|Any CPU.Build.0 = Release|Any CPU
		{07B67011-62AB-43E3-80F6-E00BCBFF8558}.Release|x86.ActiveCfg = Release|Any CPU
		{07B67011-62AB-43E3-80F6-E00BCBFF8558}.Release|x86.Build.0 = Release|Any CPU
		{B2EBEDE8-441A-4CC2-80FF-5F290D528919}.Debug|Any CPU.ActiveCfg = Debug|Any CPU
		{B2EBEDE8-441A-4CC2-80FF-5F290D528919}.Debug|Any CPU.Build.0 = Debug|Any CPU
		{B2EBEDE8-441A-4CC2-80FF-5F290D528919}.Debug|x86.ActiveCfg = Debug|Any CPU
		{B2EBEDE8-441A-4CC2-80FF-5F290D528919}.Debug|x86.Build.0 = Debug|Any CPU
		{B2EBEDE8-441A-4CC2-80FF-5F290D528919}.Release|Any CPU.ActiveCfg = Release|Any CPU
		{B2EBEDE8-441A-4CC2-80FF-5F290D528919}.Release|Any CPU.Build.0 = Release|Any CPU
		{B2EBEDE8-441A-4CC2-80FF-5F290D528919}.Release|x86.ActiveCfg = Release|Any CPU
		{B2EBEDE8-441A-4CC2-80FF-5F290D528919}.Release|x86.Build.0 = Release|Any CPU
	EndGlobalSection
	GlobalSection(SolutionProperties) = preSolution
		HideSolutionNode = FALSE
	EndGlobalSection
	GlobalSection(ExtensibilityGlobals) = postSolution
		SolutionGuid = {C85884BC-4262-4E8B-8CCE-3C1F0C860718}
	EndGlobalSection
EndGlobal
